PODS:
  - Masonry (1.0.2)
  - RunTrace (1.2)
  - SnapKit (0.21.1)

DEPENDENCIES:
  - Masonry
  - RunTrace
  - SnapKit (= 0.21.1)

SPEC CHECKSUMS:
  Masonry: 7c429b56da9d4ee0bbb3ed77a5ea710d6a5df39e
  RunTrace: 4daf5c37b5d8dc0afdb7767eee7c34e1d7794336
  SnapKit: bbad04cb016c7cead63965f16b00c09318d271ee

COCOAPODS: 0.39.0
