PODS:
  - Masonry (1.0.1)
  - RunTrace (1.2)
  - SnapKit (0.21.1)

DEPENDENCIES:
  - Masonry
  - RunTrace
  - SnapKit

SPEC CHECKSUMS:
  Masonry: a1a931a0d08870ed8ae415a2ea5ea68ebcac77df
  RunTrace: 4daf5c37b5d8dc0afdb7767eee7c34e1d7794336
  SnapKit: bbad04cb016c7cead63965f16b00c09318d271ee

COCOAPODS: 0.39.0
